// !$*UTF8*$!
{
	archiveVersion = 1;
	classes = {
	};
	objectVersion = 55;
	objects = {

/* Begin PBXBuildFile section */
		279C8367286BD66600AE20D6 /* AppDelegate.swift in Sources */ = {isa = PBXBuildFile; fileRef = 279C8366286BD66600AE20D6 /* AppDelegate.swift */; };
		279C8369286BD66600AE20D6 /* SceneDelegate.swift in Sources */ = {isa = PBXBuildFile; fileRef = 279C8368286BD66600AE20D6 /* SceneDelegate.swift */; };
		279C836B286BD66600AE20D6 /* MovieViewController.swift in Sources */ = {isa = PBXBuildFile; fileRef = 279C836A286BD66600AE20D6 /* MovieViewController.swift */; };
		279C836E286BD66600AE20D6 /* Main.storyboard in Resources */ = {isa = PBXBuildFile; fileRef = 279C836C286BD66600AE20D6 /* Main.storyboard */; };
		279C8371286BD66600AE20D6 /* Movie_App.xcdatamodeld in Sources */ = {isa = PBXBuildFile; fileRef = 279C836F286BD66600AE20D6 /* Movie_App.xcdatamodeld */; };
		279C8373286BD66700AE20D6 /* Assets.xcassets in Resources */ = {isa = PBXBuildFile; fileRef = 279C8372286BD66700AE20D6 /* Assets.xcassets */; };
		279C8376286BD66700AE20D6 /* LaunchScreen.storyboard in Resources */ = {isa = PBXBuildFile; fileRef = 279C8374286BD66700AE20D6 /* LaunchScreen.storyboard */; };
		279C8381286BD66700AE20D6 /* Movie_AppTests.swift in Sources */ = {isa = PBXBuildFile; fileRef = 279C8380286BD66700AE20D6 /* Movie_AppTests.swift */; };
		279C838B286BD66700AE20D6 /* Movie_AppUITests.swift in Sources */ = {isa = PBXBuildFile; fileRef = 279C838A286BD66700AE20D6 /* Movie_AppUITests.swift */; };
		279C838D286BD66700AE20D6 /* Movie_AppUITestsLaunchTests.swift in Sources */ = {isa = PBXBuildFile; fileRef = 279C838C286BD66700AE20D6 /* Movie_AppUITestsLaunchTests.swift */; };
		279C839E286BDA6A00AE20D6 /* Constants.swift in Sources */ = {isa = PBXBuildFile; fileRef = 279C839D286BDA6A00AE20D6 /* Constants.swift */; };
		279C83A0286BDB8D00AE20D6 /* MovieModel.swift in Sources */ = {isa = PBXBuildFile; fileRef = 279C839F286BDB8D00AE20D6 /* MovieModel.swift */; };
		279C83A2286BDC4E00AE20D6 /* MovieManager.swift in Sources */ = {isa = PBXBuildFile; fileRef = 279C83A1286BDC4E00AE20D6 /* MovieManager.swift */; };
		279C83A5286BDCA100AE20D6 /* MovieCell.swift in Sources */ = {isa = PBXBuildFile; fileRef = 279C83A3286BDCA100AE20D6 /* MovieCell.swift */; };
		279C83A6286BDCA100AE20D6 /* MovieCell.xib in Resources */ = {isa = PBXBuildFile; fileRef = 279C83A4286BDCA100AE20D6 /* MovieCell.xib */; };
/* End PBXBuildFile section */

/* Begin PBXContainerItemProxy section */
		279C837D286BD66700AE20D6 /* PBXContainerItemProxy */ = {
			isa = PBXContainerItemProxy;
			containerPortal = 279C835B286BD66600AE20D6 /* Project object */;
			proxyType = 1;
			remoteGlobalIDString = 279C8362286BD66600AE20D6;
			remoteInfo = "Movie App";
		};
		279C8387286BD66700AE20D6 /* PBXContainerItemProxy */ = {
			isa = PBXContainerItemProxy;
			containerPortal = 279C835B286BD66600AE20D6 /* Project object */;
			proxyType = 1;
			remoteGlobalIDString = 279C8362286BD66600AE20D6;
			remoteInfo = "Movie App";
		};
/* End PBXContainerItemProxy section */

/* Begin PBXFileReference section */
		279C8363286BD66600AE20D6 /* Movie App.app */ = {isa = PBXFileReference; explicitFileType = wrapper.application; includeInIndex = 0; path = "Movie App.app"; sourceTree = BUILT_PRODUCTS_DIR; };
		279C8366286BD66600AE20D6 /* AppDelegate.swift */ = {isa = PBXFileReference; lastKnownFileType = sourcecode.swift; path = AppDelegate.swift; sourceTree = "<group>"; };
		279C8368286BD66600AE20D6 /* SceneDelegate.swift */ = {isa = PBXFileReference; lastKnownFileType = sourcecode.swift; path = SceneDelegate.swift; sourceTree = "<group>"; };
		279C836A286BD66600AE20D6 /* MovieViewController.swift */ = {isa = PBXFileReference; lastKnownFileType = sourcecode.swift; path = MovieViewController.swift; sourceTree = "<group>"; };
		279C836D286BD66600AE20D6 /* Base */ = {isa = PBXFileReference; lastKnownFileType = file.storyboard; name = Base; path = Base.lproj/Main.storyboard; sourceTree = "<group>"; };
		279C8370286BD66600AE20D6 /* Movie_App.xcdatamodel */ = {isa = PBXFileReference; lastKnownFileType = wrapper.xcdatamodel; path = Movie_App.xcdatamodel; sourceTree = "<group>"; };
		279C8372286BD66700AE20D6 /* Assets.xcassets */ = {isa = PBXFileReference; lastKnownFileType = folder.assetcatalog; path = Assets.xcassets; sourceTree = "<group>"; };
		279C8375286BD66700AE20D6 /* Base */ = {isa = PBXFileReference; lastKnownFileType = file.storyboard; name = Base; path = Base.lproj/LaunchScreen.storyboard; sourceTree = "<group>"; };
		279C8377286BD66700AE20D6 /* Info.plist */ = {isa = PBXFileReference; lastKnownFileType = text.plist.xml; path = Info.plist; sourceTree = "<group>"; };
		279C837C286BD66700AE20D6 /* Movie AppTests.xctest */ = {isa = PBXFileReference; explicitFileType = wrapper.cfbundle; includeInIndex = 0; path = "Movie AppTests.xctest"; sourceTree = BUILT_PRODUCTS_DIR; };
		279C8380286BD66700AE20D6 /* Movie_AppTests.swift */ = {isa = PBXFileReference; lastKnownFileType = sourcecode.swift; path = Movie_AppTests.swift; sourceTree = "<group>"; };
		279C8386286BD66700AE20D6 /* Movie AppUITests.xctest */ = {isa = PBXFileReference; explicitFileType = wrapper.cfbundle; includeInIndex = 0; path = "Movie AppUITests.xctest"; sourceTree = BUILT_PRODUCTS_DIR; };
		279C838A286BD66700AE20D6 /* Movie_AppUITests.swift */ = {isa = PBXFileReference; lastKnownFileType = sourcecode.swift; path = Movie_AppUITests.swift; sourceTree = "<group>"; };
		279C838C286BD66700AE20D6 /* Movie_AppUITestsLaunchTests.swift */ = {isa = PBXFileReference; lastKnownFileType = sourcecode.swift; path = Movie_AppUITestsLaunchTests.swift; sourceTree = "<group>"; };
		279C839D286BDA6A00AE20D6 /* Constants.swift */ = {isa = PBXFileReference; lastKnownFileType = sourcecode.swift; path = Constants.swift; sourceTree = "<group>"; };
		279C839F286BDB8D00AE20D6 /* MovieModel.swift */ = {isa = PBXFileReference; lastKnownFileType = sourcecode.swift; path = MovieModel.swift; sourceTree = "<group>"; };
		279C83A1286BDC4E00AE20D6 /* MovieManager.swift */ = {isa = PBXFileReference; lastKnownFileType = sourcecode.swift; path = MovieManager.swift; sourceTree = "<group>"; };
		279C83A3286BDCA100AE20D6 /* MovieCell.swift */ = {isa = PBXFileReference; lastKnownFileType = sourcecode.swift; path = MovieCell.swift; sourceTree = "<group>"; };
		279C83A4286BDCA100AE20D6 /* MovieCell.xib */ = {isa = PBXFileReference; lastKnownFileType = file.xib; path = MovieCell.xib; sourceTree = "<group>"; };
/* End PBXFileReference section */

/* Begin PBXFrameworksBuildPhase section */
		279C8360286BD66600AE20D6 /* Frameworks */ = {
			isa = PBXFrameworksBuildPhase;
			buildActionMask = 2147483647;
			files = (
			);
			runOnlyForDeploymentPostprocessing = 0;
		};
		279C8379286BD66700AE20D6 /* Frameworks */ = {
			isa = PBXFrameworksBuildPhase;
			buildActionMask = 2147483647;
			files = (
			);
			runOnlyForDeploymentPostprocessing = 0;
		};
		279C8383286BD66700AE20D6 /* Frameworks */ = {
			isa = PBXFrameworksBuildPhase;
			buildActionMask = 2147483647;
			files = (
			);
			runOnlyForDeploymentPostprocessing = 0;
		};
/* End PBXFrameworksBuildPhase section */

/* Begin PBXGroup section */
		279C835A286BD66600AE20D6 = {
			isa = PBXGroup;
			children = (
				279C8365286BD66600AE20D6 /* Movie App */,
				279C837F286BD66700AE20D6 /* Movie AppTests */,
				279C8389286BD66700AE20D6 /* Movie AppUITests */,
				279C8364286BD66600AE20D6 /* Products */,
			);
			sourceTree = "<group>";
		};
		279C8364286BD66600AE20D6 /* Products */ = {
			isa = PBXGroup;
			children = (
				279C8363286BD66600AE20D6 /* Movie App.app */,
				279C837C286BD66700AE20D6 /* Movie AppTests.xctest */,
				279C8386286BD66700AE20D6 /* Movie AppUITests.xctest */,
			);
			name = Products;
			sourceTree = "<group>";
		};
		279C8365286BD66600AE20D6 /* Movie App */ = {
			isa = PBXGroup;
			children = (
				279C839C286BDA5000AE20D6 /* Utilities */,
				279C8399286BDA1400AE20D6 /* Model */,
				279C839A286BDA2200AE20D6 /* View */,
				279C839B286BDA2E00AE20D6 /* Controller */,
				279C8366286BD66600AE20D6 /* AppDelegate.swift */,
				279C8368286BD66600AE20D6 /* SceneDelegate.swift */,
				279C8372286BD66700AE20D6 /* Assets.xcassets */,
				279C8374286BD66700AE20D6 /* LaunchScreen.storyboard */,
				279C8377286BD66700AE20D6 /* Info.plist */,
				279C836F286BD66600AE20D6 /* Movie_App.xcdatamodeld */,
			);
			path = "Movie App";
			sourceTree = "<group>";
		};
		279C837F286BD66700AE20D6 /* Movie AppTests */ = {
			isa = PBXGroup;
			children = (
				279C8380286BD66700AE20D6 /* Movie_AppTests.swift */,
			);
			path = "Movie AppTests";
			sourceTree = "<group>";
		};
		279C8389286BD66700AE20D6 /* Movie AppUITests */ = {
			isa = PBXGroup;
			children = (
				279C838A286BD66700AE20D6 /* Movie_AppUITests.swift */,
				279C838C286BD66700AE20D6 /* Movie_AppUITestsLaunchTests.swift */,
			);
			path = "Movie AppUITests";
			sourceTree = "<group>";
		};
		279C8399286BDA1400AE20D6 /* Model */ = {
			isa = PBXGroup;
			children = (
				279C839F286BDB8D00AE20D6 /* MovieModel.swift */,
				279C83A1286BDC4E00AE20D6 /* MovieManager.swift */,
			);
			path = Model;
			sourceTree = "<group>";
		};
		279C839A286BDA2200AE20D6 /* View */ = {
			isa = PBXGroup;
			children = (
				279C836C286BD66600AE20D6 /* Main.storyboard */,
				279C83A3286BDCA100AE20D6 /* MovieCell.swift */,
				279C83A4286BDCA100AE20D6 /* MovieCell.xib */,
			);
			path = View;
			sourceTree = "<group>";
		};
		279C839B286BDA2E00AE20D6 /* Controller */ = {
			isa = PBXGroup;
			children = (
				279C836A286BD66600AE20D6 /* MovieViewController.swift */,
			);
			path = Controller;
			sourceTree = "<group>";
		};
		279C839C286BDA5000AE20D6 /* Utilities */ = {
			isa = PBXGroup;
			children = (
				279C839D286BDA6A00AE20D6 /* Constants.swift */,
			);
			path = Utilities;
			sourceTree = "<group>";
		};
/* End PBXGroup section */

/* Begin PBXNativeTarget section */
		279C8362286BD66600AE20D6 /* Movie App */ = {
			isa = PBXNativeTarget;
			buildConfigurationList = 279C8390286BD66700AE20D6 /* Build configuration list for PBXNativeTarget "Movie App" */;
			buildPhases = (
				279C835F286BD66600AE20D6 /* Sources */,
				279C8360286BD66600AE20D6 /* Frameworks */,
				279C8361286BD66600AE20D6 /* Resources */,
			);
			buildRules = (
			);
			dependencies = (
			);
			name = "Movie App";
			productName = "Movie App";
			productReference = 279C8363286BD66600AE20D6 /* Movie App.app */;
			productType = "com.apple.product-type.application";
		};
		279C837B286BD66700AE20D6 /* Movie AppTests */ = {
			isa = PBXNativeTarget;
			buildConfigurationList = 279C8393286BD66700AE20D6 /* Build configuration list for PBXNativeTarget "Movie AppTests" */;
			buildPhases = (
				279C8378286BD66700AE20D6 /* Sources */,
				279C8379286BD66700AE20D6 /* Frameworks */,
				279C837A286BD66700AE20D6 /* Resources */,
			);
			buildRules = (
			);
			dependencies = (
				279C837E286BD66700AE20D6 /* PBXTargetDependency */,
			);
			name = "Movie AppTests";
			productName = "Movie AppTests";
			productReference = 279C837C286BD66700AE20D6 /* Movie AppTests.xctest */;
			productType = "com.apple.product-type.bundle.unit-test";
		};
		279C8385286BD66700AE20D6 /* Movie AppUITests */ = {
			isa = PBXNativeTarget;
			buildConfigurationList = 279C8396286BD66700AE20D6 /* Build configuration list for PBXNativeTarget "Movie AppUITests" */;
			buildPhases = (
				279C8382286BD66700AE20D6 /* Sources */,
				279C8383286BD66700AE20D6 /* Frameworks */,
				279C8384286BD66700AE20D6 /* Resources */,
			);
			buildRules = (
			);
			dependencies = (
				279C8388286BD66700AE20D6 /* PBXTargetDependency */,
			);
			name = "Movie AppUITests";
			productName = "Movie AppUITests";
			productReference = 279C8386286BD66700AE20D6 /* Movie AppUITests.xctest */;
			productType = "com.apple.product-type.bundle.ui-testing";
		};
/* End PBXNativeTarget section */

/* Begin PBXProject section */
		279C835B286BD66600AE20D6 /* Project object */ = {
			isa = PBXProject;
			attributes = {
				BuildIndependentTargetsInParallel = 1;
				LastSwiftUpdateCheck = 1340;
				LastUpgradeCheck = 1340;
				TargetAttributes = {
					279C8362286BD66600AE20D6 = {
						CreatedOnToolsVersion = 13.4.1;
					};
					279C837B286BD66700AE20D6 = {
						CreatedOnToolsVersion = 13.4.1;
						TestTargetID = 279C8362286BD66600AE20D6;
					};
					279C8385286BD66700AE20D6 = {
						CreatedOnToolsVersion = 13.4.1;
						TestTargetID = 279C8362286BD66600AE20D6;
					};
				};
			};
			buildConfigurationList = 279C835E286BD66600AE20D6 /* Build configuration list for PBXProject "Movie App" */;
			compatibilityVersion = "Xcode 13.0";
			developmentRegion = en;
			hasScannedForEncodings = 0;
			knownRegions = (
				en,
				Base,
			);
			mainGroup = 279C835A286BD66600AE20D6;
			productRefGroup = 279C8364286BD66600AE20D6 /* Products */;
			projectDirPath = "";
			projectRoot = "";
			targets = (
				279C8362286BD66600AE20D6 /* Movie App */,
				279C837B286BD66700AE20D6 /* Movie AppTests */,
				279C8385286BD66700AE20D6 /* Movie AppUITests */,
			);
		};
/* End PBXProject section */

/* Begin PBXResourcesBuildPhase section */
		279C8361286BD66600AE20D6 /* Resources */ = {
			isa = PBXResourcesBuildPhase;
			buildActionMask = 2147483647;
			files = (
				279C8376286BD66700AE20D6 /* LaunchScreen.storyboard in Resources */,
				279C8373286BD66700AE20D6 /* Assets.xcassets in Resources */,
				279C83A6286BDCA100AE20D6 /* MovieCell.xib in Resources */,
				279C836E286BD66600AE20D6 /* Main.storyboard in Resources */,
			);
			runOnlyForDeploymentPostprocessing = 0;
		};
		279C837A286BD66700AE20D6 /* Resources */ = {
			isa = PBXResourcesBuildPhase;
			buildActionMask = 2147483647;
			files = (
			);
			runOnlyForDeploymentPostprocessing = 0;
		};
		279C8384286BD66700AE20D6 /* Resources */ = {
			isa = PBXResourcesBuildPhase;
			buildActionMask = 2147483647;
			files = (
			);
			runOnlyForDeploymentPostprocessing = 0;
		};
/* End PBXResourcesBuildPhase section */

/* Begin PBXSourcesBuildPhase section */
		279C835F286BD66600AE20D6 /* Sources */ = {
			isa = PBXSourcesBuildPhase;
			buildActionMask = 2147483647;
			files = (
				279C83A0286BDB8D00AE20D6 /* MovieModel.swift in Sources */,
				279C839E286BDA6A00AE20D6 /* Constants.swift in Sources */,
				279C83A5286BDCA100AE20D6 /* MovieCell.swift in Sources */,
				279C83A2286BDC4E00AE20D6 /* MovieManager.swift in Sources */,
				279C836B286BD66600AE20D6 /* MovieViewController.swift in Sources */,
				279C8367286BD66600AE20D6 /* AppDelegate.swift in Sources */,
				279C8371286BD66600AE20D6 /* Movie_App.xcdatamodeld in Sources */,
				279C8369286BD66600AE20D6 /* SceneDelegate.swift in Sources */,
			);
			runOnlyForDeploymentPostprocessing = 0;
		};
		279C8378286BD66700AE20D6 /* Sources */ = {
			isa = PBXSourcesBuildPhase;
			buildActionMask = 2147483647;
			files = (
				279C8381286BD66700AE20D6 /* Movie_AppTests.swift in Sources */,
			);
			runOnlyForDeploymentPostprocessing = 0;
		};
		279C8382286BD66700AE20D6 /* Sources */ = {
			isa = PBXSourcesBuildPhase;
			buildActionMask = 2147483647;
			files = (
				279C838B286BD66700AE20D6 /* Movie_AppUITests.swift in Sources */,
				279C838D286BD66700AE20D6 /* Movie_AppUITestsLaunchTests.swift in Sources */,
			);
			runOnlyForDeploymentPostprocessing = 0;
		};
/* End PBXSourcesBuildPhase section */

/* Begin PBXTargetDependency section */
		279C837E286BD66700AE20D6 /* PBXTargetDependency */ = {
			isa = PBXTargetDependency;
			target = 279C8362286BD66600AE20D6 /* Movie App */;
			targetProxy = 279C837D286BD66700AE20D6 /* PBXContainerItemProxy */;
		};
		279C8388286BD66700AE20D6 /* PBXTargetDependency */ = {
			isa = PBXTargetDependency;
			target = 279C8362286BD66600AE20D6 /* Movie App */;
			targetProxy = 279C8387286BD66700AE20D6 /* PBXContainerItemProxy */;
		};
/* End PBXTargetDependency section */

/* Begin PBXVariantGroup section */
		279C836C286BD66600AE20D6 /* Main.storyboard */ = {
			isa = PBXVariantGroup;
			children = (
				279C836D286BD66600AE20D6 /* Base */,
			);
			name = Main.storyboard;
			sourceTree = "<group>";
		};
		279C8374286BD66700AE20D6 /* LaunchScreen.storyboard */ = {
			isa = PBXVariantGroup;
			children = (
				279C8375286BD66700AE20D6 /* Base */,
			);
			name = LaunchScreen.storyboard;
			sourceTree = "<group>";
		};
/* End PBXVariantGroup section */

/* Begin XCBuildConfiguration section */
		279C838E286BD66700AE20D6 /* Debug */ = {
			isa = XCBuildConfiguration;
			buildSettings = {
				ALWAYS_SEARCH_USER_PATHS = NO;
				CLANG_ANALYZER_NONNULL = YES;
				CLANG_ANALYZER_NUMBER_OBJECT_CONVERSION = YES_AGGRESSIVE;
				CLANG_CXX_LANGUAGE_STANDARD = "gnu++17";
				CLANG_ENABLE_MODULES = YES;
				CLANG_ENABLE_OBJC_ARC = YES;
				CLANG_ENABLE_OBJC_WEAK = YES;
				CLANG_WARN_BLOCK_CAPTURE_AUTORELEASING = YES;
				CLANG_WARN_BOOL_CONVERSION = YES;
				CLANG_WARN_COMMA = YES;
				CLANG_WARN_CONSTANT_CONVERSION = YES;
				CLANG_WARN_DEPRECATED_OBJC_IMPLEMENTATIONS = YES;
				CLANG_WARN_DIRECT_OBJC_ISA_USAGE = YES_ERROR;
				CLANG_WARN_DOCUMENTATION_COMMENTS = YES;
				CLANG_WARN_EMPTY_BODY = YES;
				CLANG_WARN_ENUM_CONVERSION = YES;
				CLANG_WARN_INFINITE_RECURSION = YES;
				CLANG_WARN_INT_CONVERSION = YES;
				CLANG_WARN_NON_LITERAL_NULL_CONVERSION = YES;
				CLANG_WARN_OBJC_IMPLICIT_RETAIN_SELF = YES;
				CLANG_WARN_OBJC_LITERAL_CONVERSION = YES;
				CLANG_WARN_OBJC_ROOT_CLASS = YES_ERROR;
				CLANG_WARN_QUOTED_INCLUDE_IN_FRAMEWORK_HEADER = YES;
				CLANG_WARN_RANGE_LOOP_ANALYSIS = YES;
				CLANG_WARN_STRICT_PROTOTYPES = YES;
				CLANG_WARN_SUSPICIOUS_MOVE = YES;
				CLANG_WARN_UNGUARDED_AVAILABILITY = YES_AGGRESSIVE;
				CLANG_WARN_UNREACHABLE_CODE = YES;
				CLANG_WARN__DUPLICATE_METHOD_MATCH = YES;
				COPY_PHASE_STRIP = NO;
				DEBUG_INFORMATION_FORMAT = dwarf;
				ENABLE_STRICT_OBJC_MSGSEND = YES;
				ENABLE_TESTABILITY = YES;
				GCC_C_LANGUAGE_STANDARD = gnu11;
				GCC_DYNAMIC_NO_PIC = NO;
				GCC_NO_COMMON_BLOCKS = YES;
				GCC_OPTIMIZATION_LEVEL = 0;
				GCC_PREPROCESSOR_DEFINITIONS = (
					"DEBUG=1",
					"$(inherited)",
				);
				GCC_WARN_64_TO_32_BIT_CONVERSION = YES;
				GCC_WARN_ABOUT_RETURN_TYPE = YES_ERROR;
				GCC_WARN_UNDECLARED_SELECTOR = YES;
				GCC_WARN_UNINITIALIZED_AUTOS = YES_AGGRESSIVE;
				GCC_WARN_UNUSED_FUNCTION = YES;
				GCC_WARN_UNUSED_VARIABLE = YES;
				IPHONEOS_DEPLOYMENT_TARGET = 15.5;
				MTL_ENABLE_DEBUG_INFO = INCLUDE_SOURCE;
				MTL_FAST_MATH = YES;
				ONLY_ACTIVE_ARCH = YES;
				SDKROOT = iphoneos;
				SWIFT_ACTIVE_COMPILATION_CONDITIONS = DEBUG;
				SWIFT_OPTIMIZATION_LEVEL = "-Onone";
			};
			name = Debug;
		};
		279C838F286BD66700AE20D6 /* Release */ = {
			isa = XCBuildConfiguration;
			buildSettings = {
				ALWAYS_SEARCH_USER_PATHS = NO;
				CLANG_ANALYZER_NONNULL = YES;
				CLANG_ANALYZER_NUMBER_OBJECT_CONVERSION = YES_AGGRESSIVE;
				CLANG_CXX_LANGUAGE_STANDARD = "gnu++17";
				CLANG_ENABLE_MODULES = YES;
				CLANG_ENABLE_OBJC_ARC = YES;
				CLANG_ENABLE_OBJC_WEAK = YES;
				CLANG_WARN_BLOCK_CAPTURE_AUTORELEASING = YES;
				CLANG_WARN_BOOL_CONVERSION = YES;
				CLANG_WARN_COMMA = YES;
				CLANG_WARN_CONSTANT_CONVERSION = YES;
				CLANG_WARN_DEPRECATED_OBJC_IMPLEMENTATIONS = YES;
				CLANG_WARN_DIRECT_OBJC_ISA_USAGE = YES_ERROR;
				CLANG_WARN_DOCUMENTATION_COMMENTS = YES;
				CLANG_WARN_EMPTY_BODY = YES;
				CLANG_WARN_ENUM_CONVERSION = YES;
				CLANG_WARN_INFINITE_RECURSION = YES;
				CLANG_WARN_INT_CONVERSION = YES;
				CLANG_WARN_NON_LITERAL_NULL_CONVERSION = YES;
				CLANG_WARN_OBJC_IMPLICIT_RETAIN_SELF = YES;
				CLANG_WARN_OBJC_LITERAL_CONVERSION = YES;
				CLANG_WARN_OBJC_ROOT_CLASS = YES_ERROR;
				CLANG_WARN_QUOTED_INCLUDE_IN_FRAMEWORK_HEADER = YES;
				CLANG_WARN_RANGE_LOOP_ANALYSIS = YES;
				CLANG_WARN_STRICT_PROTOTYPES = YES;
				CLANG_WARN_SUSPICIOUS_MOVE = YES;
				CLANG_WARN_UNGUARDED_AVAILABILITY = YES_AGGRESSIVE;
				CLANG_WARN_UNREACHABLE_CODE = YES;
				CLANG_WARN__DUPLICATE_METHOD_MATCH = YES;
				COPY_PHASE_STRIP = NO;
				DEBUG_INFORMATION_FORMAT = "dwarf-with-dsym";
				ENABLE_NS_ASSERTIONS = NO;
				ENABLE_STRICT_OBJC_MSGSEND = YES;
				GCC_C_LANGUAGE_STANDARD = gnu11;
				GCC_NO_COMMON_BLOCKS = YES;
				GCC_WARN_64_TO_32_BIT_CONVERSION = YES;
				GCC_WARN_ABOUT_RETURN_TYPE = YES_ERROR;
				GCC_WARN_UNDECLARED_SELECTOR = YES;
				GCC_WARN_UNINITIALIZED_AUTOS = YES_AGGRESSIVE;
				GCC_WARN_UNUSED_FUNCTION = YES;
				GCC_WARN_UNUSED_VARIABLE = YES;
				IPHONEOS_DEPLOYMENT_TARGET = 15.5;
				MTL_ENABLE_DEBUG_INFO = NO;
				MTL_FAST_MATH = YES;
				SDKROOT = iphoneos;
				SWIFT_COMPILATION_MODE = wholemodule;
				SWIFT_OPTIMIZATION_LEVEL = "-O";
				VALIDATE_PRODUCT = YES;
			};
			name = Release;
		};
		279C8391286BD66700AE20D6 /* Debug */ = {
			isa = XCBuildConfiguration;
			buildSettings = {
				ASSETCATALOG_COMPILER_APPICON_NAME = AppIcon;
				ASSETCATALOG_COMPILER_GLOBAL_ACCENT_COLOR_NAME = AccentColor;
				CODE_SIGN_STYLE = Automatic;
				CURRENT_PROJECT_VERSION = 1;
				DEVELOPMENT_TEAM = 3Z72SDHS75;
				GENERATE_INFOPLIST_FILE = YES;
				INFOPLIST_FILE = "Movie App/Info.plist";
				INFOPLIST_KEY_UIApplicationSupportsIndirectInputEvents = YES;
				INFOPLIST_KEY_UILaunchStoryboardName = LaunchScreen;
				INFOPLIST_KEY_UIMainStoryboardFile = Main;
				INFOPLIST_KEY_UISupportedInterfaceOrientations_iPad = "UIInterfaceOrientationPortrait UIInterfaceOrientationPortraitUpsideDown UIInterfaceOrientationLandscapeLeft UIInterfaceOrientationLandscapeRight";
				INFOPLIST_KEY_UISupportedInterfaceOrientations_iPhone = "UIInterfaceOrientationPortrait UIInterfaceOrientationLandscapeLeft UIInterfaceOrientationLandscapeRight";
				LD_RUNPATH_SEARCH_PATHS = (
					"$(inherited)",
					"@executable_path/Frameworks",
				);
				MARKETING_VERSION = 1.0;
				PRODUCT_BUNDLE_IDENTIFIER = "com.lcardoso.Movie-App";
				PRODUCT_NAME = "$(TARGET_NAME)";
				SWIFT_EMIT_LOC_STRINGS = YES;
				SWIFT_VERSION = 5.0;
				TARGETED_DEVICE_FAMILY = "1,2";
			};
			name = Debug;
		};
		279C8392286BD66700AE20D6 /* Release */ = {
			isa = XCBuildConfiguration;
			buildSettings = {
				ASSETCATALOG_COMPILER_APPICON_NAME = AppIcon;
				ASSETCATALOG_COMPILER_GLOBAL_ACCENT_COLOR_NAME = AccentColor;
				CODE_SIGN_STYLE = Automatic;
				CURRENT_PROJECT_VERSION = 1;
				DEVELOPMENT_TEAM = 3Z72SDHS75;
				GENERATE_INFOPLIST_FILE = YES;
				INFOPLIST_FILE = "Movie App/Info.plist";
				INFOPLIST_KEY_UIApplicationSupportsIndirectInputEvents = YES;
				INFOPLIST_KEY_UILaunchStoryboardName = LaunchScreen;
				INFOPLIST_KEY_UIMainStoryboardFile = Main;
				INFOPLIST_KEY_UISupportedInterfaceOrientations_iPad = "UIInterfaceOrientationPortrait UIInterfaceOrientationPortraitUpsideDown UIInterfaceOrientationLandscapeLeft UIInterfaceOrientationLandscapeRight";
				INFOPLIST_KEY_UISupportedInterfaceOrientations_iPhone = "UIInterfaceOrientationPortrait UIInterfaceOrientationLandscapeLeft UIInterfaceOrientationLandscapeRight";
				LD_RUNPATH_SEARCH_PATHS = (
					"$(inherited)",
					"@executable_path/Frameworks",
				);
				MARKETING_VERSION = 1.0;
				PRODUCT_BUNDLE_IDENTIFIER = "com.lcardoso.Movie-App";
				PRODUCT_NAME = "$(TARGET_NAME)";
				SWIFT_EMIT_LOC_STRINGS = YES;
				SWIFT_VERSION = 5.0;
				TARGETED_DEVICE_FAMILY = "1,2";
			};
			name = Release;
		};
		279C8394286BD66700AE20D6 /* Debug */ = {
			isa = XCBuildConfiguration;
			buildSettings = {
				ALWAYS_EMBED_SWIFT_STANDARD_LIBRARIES = YES;
				BUNDLE_LOADER = "$(TEST_HOST)";
				CODE_SIGN_STYLE = Automatic;
				CURRENT_PROJECT_VERSION = 1;
				DEVELOPMENT_TEAM = 3Z72SDHS75;
				GENERATE_INFOPLIST_FILE = YES;
				IPHONEOS_DEPLOYMENT_TARGET = 15.5;
				MARKETING_VERSION = 1.0;
				PRODUCT_BUNDLE_IDENTIFIER = "com.lcardoso.Movie-AppTests";
				PRODUCT_NAME = "$(TARGET_NAME)";
				SWIFT_EMIT_LOC_STRINGS = NO;
				SWIFT_VERSION = 5.0;
				TARGETED_DEVICE_FAMILY = "1,2";
				TEST_HOST = "$(BUILT_PRODUCTS_DIR)/Movie App.app/Movie App";
			};
			name = Debug;
		};
		279C8395286BD66700AE20D6 /* Release */ = {
			isa = XCBuildConfiguration;
			buildSettings = {
				ALWAYS_EMBED_SWIFT_STANDARD_LIBRARIES = YES;
				BUNDLE_LOADER = "$(TEST_HOST)";
				CODE_SIGN_STYLE = Automatic;
				CURRENT_PROJECT_VERSION = 1;
				DEVELOPMENT_TEAM = 3Z72SDHS75;
				GENERATE_INFOPLIST_FILE = YES;
				IPHONEOS_DEPLOYMENT_TARGET = 15.5;
				MARKETING_VERSION = 1.0;
				PRODUCT_BUNDLE_IDENTIFIER = "com.lcardoso.Movie-AppTests";
				PRODUCT_NAME = "$(TARGET_NAME)";
				SWIFT_EMIT_LOC_STRINGS = NO;
				SWIFT_VERSION = 5.0;
				TARGETED_DEVICE_FAMILY = "1,2";
				TEST_HOST = "$(BUILT_PRODUCTS_DIR)/Movie App.app/Movie App";
			};
			name = Release;
		};
		279C8397286BD66700AE20D6 /* Debug */ = {
			isa = XCBuildConfiguration;
			buildSettings = {
				ALWAYS_EMBED_SWIFT_STANDARD_LIBRARIES = YES;
				CODE_SIGN_STYLE = Automatic;
				CURRENT_PROJECT_VERSION = 1;
				DEVELOPMENT_TEAM = 3Z72SDHS75;
				GENERATE_INFOPLIST_FILE = YES;
				MARKETING_VERSION = 1.0;
				PRODUCT_BUNDLE_IDENTIFIER = "com.lcardoso.Movie-AppUITests";
				PRODUCT_NAME = "$(TARGET_NAME)";
				SWIFT_EMIT_LOC_STRINGS = NO;
				SWIFT_VERSION = 5.0;
				TARGETED_DEVICE_FAMILY = "1,2";
				TEST_TARGET_NAME = "Movie App";
			};
			name = Debug;
		};
		279C8398286BD66700AE20D6 /* Release */ = {
			isa = XCBuildConfiguration;
			buildSettings = {
				ALWAYS_EMBED_SWIFT_STANDARD_LIBRARIES = YES;
				CODE_SIGN_STYLE = Automatic;
				CURRENT_PROJECT_VERSION = 1;
				DEVELOPMENT_TEAM = 3Z72SDHS75;
				GENERATE_INFOPLIST_FILE = YES;
				MARKETING_VERSION = 1.0;
				PRODUCT_BUNDLE_IDENTIFIER = "com.lcardoso.Movie-AppUITests";
				PRODUCT_NAME = "$(TARGET_NAME)";
				SWIFT_EMIT_LOC_STRINGS = NO;
				SWIFT_VERSION = 5.0;
				TARGETED_DEVICE_FAMILY = "1,2";
				TEST_TARGET_NAME = "Movie App";
			};
			name = Release;
		};
/* End XCBuildConfiguration section */

/* Begin XCConfigurationList section */
		279C835E286BD66600AE20D6 /* Build configuration list for PBXProject "Movie App" */ = {
			isa = XCConfigurationList;
			buildConfigurations = (
				279C838E286BD66700AE20D6 /* Debug */,
				279C838F286BD66700AE20D6 /* Release */,
			);
			defaultConfigurationIsVisible = 0;
			defaultConfigurationName = Release;
		};
		279C8390286BD66700AE20D6 /* Build configuration list for PBXNativeTarget "Movie App" */ = {
			isa = XCConfigurationList;
			buildConfigurations = (
				279C8391286BD66700AE20D6 /* Debug */,
				279C8392286BD66700AE20D6 /* Release */,
			);
			defaultConfigurationIsVisible = 0;
			defaultConfigurationName = Release;
		};
		279C8393286BD66700AE20D6 /* Build configuration list for PBXNativeTarget "Movie AppTests" */ = {
			isa = XCConfigurationList;
			buildConfigurations = (
				279C8394286BD66700AE20D6 /* Debug */,
				279C8395286BD66700AE20D6 /* Release */,
			);
			defaultConfigurationIsVisible = 0;
			defaultConfigurationName = Release;
		};
		279C8396286BD66700AE20D6 /* Build configuration list for PBXNativeTarget "Movie AppUITests" */ = {
			isa = XCConfigurationList;
			buildConfigurations = (
				279C8397286BD66700AE20D6 /* Debug */,
				279C8398286BD66700AE20D6 /* Release */,
			);
			defaultConfigurationIsVisible = 0;
			defaultConfigurationName = Release;
		};
/* End XCConfigurationList section */

/* Begin XCVersionGroup section */
		279C836F286BD66600AE20D6 /* Movie_App.xcdatamodeld */ = {
			isa = XCVersionGroup;
			children = (
				279C8370286BD66600AE20D6 /* Movie_App.xcdatamodel */,
			);
			currentVersion = 279C8370286BD66600AE20D6 /* Movie_App.xcdatamodel */;
			path = Movie_App.xcdatamodeld;
			sourceTree = "<group>";
			versionGroupType = wrapper.xcdatamodel;
		};
/* End XCVersionGroup section */
	};
	rootObject = 279C835B286BD66600AE20D6 /* Project object */;
}
